schema: '2.0'
stages:
  data_ingestion:
    cmd: python src/data_ingestion.py
    deps:
    - path: src/data_ingestion.py
      hash: md5
      md5: ebdfa55f2759eb90b1d42aa28e9d8446
      size: 2962
    outs:
    - path: data/raw
      hash: md5
      md5: 4f8ed12448f912122e61579897c4099f.dir
      size: 484846
      nfiles: 2
  data_preprocessing:
    cmd: python src/data_preprocessing.py
    deps:
    - path: data/raw
      hash: md5
      md5: 4f8ed12448f912122e61579897c4099f.dir
      size: 484846
      nfiles: 2
    - path: src/data_preprocessing.py
      hash: md5
      md5: ae0059b79590609927f72e3c373f1865
      size: 3973
    outs:
    - path: data/interim
      hash: md5
      md5: b4f97c417a52c607b4a413bdef8e0da1.dir
      size: 260499
      nfiles: 2
  feature_engineering:
    cmd: python src/feature_engineering.py
    deps:
    - path: data/interim
      hash: md5
      md5: b4f97c417a52c607b4a413bdef8e0da1.dir
      size: 260499
      nfiles: 2
    - path: src/feature_engineering.py
      hash: md5
      md5: db247051e88647aacab151006128aa5c
      size: 3217
    outs:
    - path: data/processed
      hash: md5
      md5: 5bb03db2b5a8b43cb88964efbef9d3fa.dir
      size: 1180779
      nfiles: 2
  model_building:
    cmd: python src/model_building.py
    deps:
    - path: data/processed
      hash: md5
      md5: 5bb03db2b5a8b43cb88964efbef9d3fa.dir
      size: 1180779
      nfiles: 2
    - path: src/model_building.py
      hash: md5
      md5: 39e9114214a0b30b468ded2aeec285a7
      size: 3667
    outs:
    - path: models/model.pkl
      hash: md5
      md5: fe781e3d262cb0103d8167acdc1ae4af
      size: 992695
  model_evaluation:
    cmd: python src/model_evaluation.py
    deps:
    - path: models/model.pkl
      hash: md5
      md5: fe781e3d262cb0103d8167acdc1ae4af
      size: 992695
    - path: src/model_evaluation.py
      hash: md5
      md5: 16bf871d7cc89d9747eeaa44c6178dd3
      size: 3724
    outs:
    - path: reports/metrics.json
      hash: md5
      md5: c8f186be1a0043e8020cea42024a4510
      size: 132
